{
  "name": "tp-domino-angular",
  "requires": true,
  "lockfileVersion": 1,
  "dependencies": {
    "angular": {
      "version": "1.6.6",
      "resolved": "https://registry.npmjs.org/angular/-/angular-1.6.6.tgz",
      "integrity": "sha1-/Vo8+0N844LYVO4BEgeXl4Uny2Q="
    },
    "angular-animate": {
      "version": "1.6.6",
      "resolved": "https://registry.npmjs.org/angular-animate/-/angular-animate-1.6.6.tgz",
      "integrity": "sha1-aSVkexQaBA0kG/ElBA8aFQ/NinA="
    },
    "angular-loading-bar": {
      "version": "0.9.0",
      "resolved": "https://registry.npmjs.org/angular-loading-bar/-/angular-loading-bar-0.9.0.tgz",
      "integrity": "sha1-N+9Swl8QLCFuezzf0vxaXflijkU="
    },
    "angular-resource": {
      "version": "1.6.6",
      "resolved": "https://registry.npmjs.org/angular-resource/-/angular-resource-1.6.6.tgz",
      "integrity": "sha1-QwZg6WnD589AxeJH5eaQ8G1u/GE="
    },
    "angular-route": {
      "version": "1.6.6",
      "resolved": "https://registry.npmjs.org/angular-route/-/angular-route-1.6.6.tgz",
      "integrity": "sha1-jBF0iqGVxxexthWn50ZEK/x8YfQ="
    },
    "bootbox": {
      "version": "4.4.0",
      "resolved": "https://registry.npmjs.org/bootbox/-/bootbox-4.4.0.tgz",
      "integrity": "sha1-/3+Jj7h9RSflR/62QVj4hFDRoMk="
    },
    "bootstrap": {
      "version": "3.3.7",
      "resolved": "https://registry.npmjs.org/bootstrap/-/bootstrap-3.3.7.tgz",
      "integrity": "sha1-WjiTlFSfIzMIdaOxUGVldPip63E="
    },
    "jquery": {
      "version": "3.2.1",
      "resolved": "https://registry.npmjs.org/jquery/-/jquery-3.2.1.tgz",
      "integrity": "sha1-XE2d5lKvbNCncBVKYxu6ErAVx4c="
    },
    "ui-router": {
      "version": "1.0.0-alpha.3",
      "resolved": "https://registry.npmjs.org/ui-router/-/ui-router-1.0.0-alpha.3.tgz",
      "integrity": "sha1-sphycgIosJr1UlnpQY9eFLwH2WI="
    }
  }
}
